
Microsoft Visual Studio Solution File, Format Version 12.00
# Visual Studio Version 17
VisualStudioVersion = 17.13.35818.85 d17.13
MinimumVisualStudioVersion = 10.0.40219.1
Project("{FAE04EC0-301F-11D3-BF4B-00C04F79EFBC}") = "testback", "testback\testback.csproj", "{905C1E76-4B23-47EF-82E3-1233F70D5B26}"
EndProject
Global
	GlobalSection(SolutionConfigurationPlatforms) = preSolution
		Debug|Any CPU = Debug|Any CPU
		Release|Any CPU = Release|Any CPU
	EndGlobalSection
	GlobalSection(ProjectConfigurationPlatforms) = postSolution
		{905C1E76-4B23-47EF-82E3-1233F70D5B26}.Debug|Any CPU.ActiveCfg = Debug|Any CPU
		{905C1E76-4B23-47EF-82E3-1233F70D5B26}.Debug|Any CPU.Build.0 = Debug|Any CPU
		{905C1E76-4B23-47EF-82E3-1233F70D5B26}.Release|Any CPU.ActiveCfg = Release|Any CPU
		{905C1E76-4B23-47EF-82E3-1233F70D5B26}.Release|Any CPU.Build.0 = Release|Any CPU
	EndGlobalSection
	GlobalSection(SolutionProperties) = preSolution
		HideSolutionNode = FALSE
	EndGlobalSection
	GlobalSection(ExtensibilityGlobals) = postSolution
		SolutionGuid = {8B6292AD-93A9-4F9B-B4C8-FD27743ABC91}
	EndGlobalSection
EndGlobal
